
Microsoft Visual Studio Solution File, Format Version 12.00
# Visual Studio Version 16
VisualStudioVersion = 16.0.29613.14
MinimumVisualStudioVersion = 10.0.40219.1
Project("{FAE04EC0-301F-11D3-BF4B-00C04F79EFBC}") = "File_Sharing", "File_Sharing\File_Sharing.csproj", "{6489D0D4-BD8D-4ED1-B6B3-D435AB67A17D}"
EndProject
Global
	GlobalSection(SolutionConfigurationPlatforms) = preSolution
		Debug|Any CPU = Debug|Any CPU
		Release|Any CPU = Release|Any CPU
	EndGlobalSection
	GlobalSection(ProjectConfigurationPlatforms) = postSolution
		{6489D0D4-BD8D-4ED1-B6B3-D435AB67A17D}.Debug|Any CPU.ActiveCfg = Debug|Any CPU
		{6489D0D4-BD8D-4ED1-B6B3-D435AB67A17D}.Debug|Any CPU.Build.0 = Debug|Any CPU
		{6489D0D4-BD8D-4ED1-B6B3-D435AB67A17D}.Release|Any CPU.ActiveCfg = Release|Any CPU
		{6489D0D4-BD8D-4ED1-B6B3-D435AB67A17D}.Release|Any CPU.Build.0 = Release|Any CPU
	EndGlobalSection
	GlobalSection(SolutionProperties) = preSolution
		HideSolutionNode = FALSE
	EndGlobalSection
	GlobalSection(ExtensibilityGlobals) = postSolution
		SolutionGuid = {02F28FA0-203E-4590-9A28-137FB89698C5}
	EndGlobalSection
EndGlobal
